// !$*UTF8*$!
{
	archiveVersion = 1;
	classes = {
	};
	objectVersion = 46;
	objects = {

/* Begin PBXBuildFile section */
		4C032C951CC0213600C94EF8 /* RecordedAudio.swift in Sources */ = {isa = PBXBuildFile; fileRef = 4C032C941CC0213600C94EF8 /* RecordedAudio.swift */; };
		4C9F83981BE13488003FA6A2 /* AppDelegate.swift in Sources */ = {isa = PBXBuildFile; fileRef = 4C9F83971BE13488003FA6A2 /* AppDelegate.swift */; };
		4C9F839A1BE13488003FA6A2 /* RecordSoundsViewController.swift in Sources */ = {isa = PBXBuildFile; fileRef = 4C9F83991BE13488003FA6A2 /* RecordSoundsViewController.swift */; };
		4C9F839D1BE13488003FA6A2 /* Main.storyboard in Resources */ = {isa = PBXBuildFile; fileRef = 4C9F839B1BE13488003FA6A2 /* Main.storyboard */; };
		4C9F839F1BE13488003FA6A2 /* Assets.xcassets in Resources */ = {isa = PBXBuildFile; fileRef = 4C9F839E1BE13488003FA6A2 /* Assets.xcassets */; };
		4C9F83A21BE13488003FA6A2 /* LaunchScreen.storyboard in Resources */ = {isa = PBXBuildFile; fileRef = 4C9F83A01BE13488003FA6A2 /* LaunchScreen.storyboard */; };
		4C9F83AD1BE13488003FA6A2 /* Pitch_PerfectTests.swift in Sources */ = {isa = PBXBuildFile; fileRef = 4C9F83AC1BE13488003FA6A2 /* Pitch_PerfectTests.swift */; };
		4C9F83B81BE13488003FA6A2 /* Pitch_PerfectUITests.swift in Sources */ = {isa = PBXBuildFile; fileRef = 4C9F83B71BE13488003FA6A2 /* Pitch_PerfectUITests.swift */; };
		4CC2E4A91C98644900C3886E /* PlaySoundsViewController.swift in Sources */ = {isa = PBXBuildFile; fileRef = 4CC2E4A81C98644900C3886E /* PlaySoundsViewController.swift */; };
		4CD702E01CC16CA7000ED873 /* PlaySoundsViewController+Audio.swift in Sources */ = {isa = PBXBuildFile; fileRef = 4CD702DF1CC16CA7000ED873 /* PlaySoundsViewController+Audio.swift */; };
/* End PBXBuildFile section */

/* Begin PBXContainerItemProxy section */
		4C9F83A91BE13488003FA6A2 /* PBXContainerItemProxy */ = {
			isa = PBXContainerItemProxy;
			containerPortal = 4C9F838C1BE13488003FA6A2 /* Project object */;
			proxyType = 1;
			remoteGlobalIDString = 4C9F83931BE13488003FA6A2;
			remoteInfo = "Pitch Perfect";
		};
		4C9F83B41BE13488003FA6A2 /* PBXContainerItemProxy */ = {
			isa = PBXContainerItemProxy;
			containerPortal = 4C9F838C1BE13488003FA6A2 /* Project object */;
			proxyType = 1;
			remoteGlobalIDString = 4C9F83931BE13488003FA6A2;
			remoteInfo = "Pitch Perfect";
		};
/* End PBXContainerItemProxy section */

/* Begin PBXFileReference section */
		4C032C941CC0213600C94EF8 /* RecordedAudio.swift */ = {isa = PBXFileReference; fileEncoding = 4; lastKnownFileType = sourcecode.swift; path = RecordedAudio.swift; sourceTree = "<group>"; };
		4C9F83941BE13488003FA6A2 /* Pitch Perfect.app */ = {isa = PBXFileReference; explicitFileType = wrapper.application; includeInIndex = 0; path = "Pitch Perfect.app"; sourceTree = BUILT_PRODUCTS_DIR; };
		4C9F83971BE13488003FA6A2 /* AppDelegate.swift */ = {isa = PBXFileReference; lastKnownFileType = sourcecode.swift; path = AppDelegate.swift; sourceTree = "<group>"; };
		4C9F83991BE13488003FA6A2 /* RecordSoundsViewController.swift */ = {isa = PBXFileReference; lastKnownFileType = sourcecode.swift; path = RecordSoundsViewController.swift; sourceTree = "<group>"; };
		4C9F839C1BE13488003FA6A2 /* Base */ = {isa = PBXFileReference; lastKnownFileType = file.storyboard; name = Base; path = Base.lproj/Main.storyboard; sourceTree = "<group>"; };
		4C9F839E1BE13488003FA6A2 /* Assets.xcassets */ = {isa = PBXFileReference; lastKnownFileType = folder.assetcatalog; path = Assets.xcassets; sourceTree = "<group>"; };
		4C9F83A11BE13488003FA6A2 /* Base */ = {isa = PBXFileReference; lastKnownFileType = file.storyboard; name = Base; path = Base.lproj/LaunchScreen.storyboard; sourceTree = "<group>"; };
		4C9F83A31BE13488003FA6A2 /* Info.plist */ = {isa = PBXFileReference; lastKnownFileType = text.plist.xml; path = Info.plist; sourceTree = "<group>"; };
		4C9F83A81BE13488003FA6A2 /* Pitch PerfectTests.xctest */ = {isa = PBXFileReference; explicitFileType = wrapper.cfbundle; includeInIndex = 0; path = "Pitch PerfectTests.xctest"; sourceTree = BUILT_PRODUCTS_DIR; };
		4C9F83AC1BE13488003FA6A2 /* Pitch_PerfectTests.swift */ = {isa = PBXFileReference; lastKnownFileType = sourcecode.swift; path = Pitch_PerfectTests.swift; sourceTree = "<group>"; };
		4C9F83AE1BE13488003FA6A2 /* Info.plist */ = {isa = PBXFileReference; lastKnownFileType = text.plist.xml; path = Info.plist; sourceTree = "<group>"; };
		4C9F83B31BE13488003FA6A2 /* Pitch PerfectUITests.xctest */ = {isa = PBXFileReference; explicitFileType = wrapper.cfbundle; includeInIndex = 0; path = "Pitch PerfectUITests.xctest"; sourceTree = BUILT_PRODUCTS_DIR; };
		4C9F83B71BE13488003FA6A2 /* Pitch_PerfectUITests.swift */ = {isa = PBXFileReference; lastKnownFileType = sourcecode.swift; path = Pitch_PerfectUITests.swift; sourceTree = "<group>"; };
		4C9F83B91BE13488003FA6A2 /* Info.plist */ = {isa = PBXFileReference; lastKnownFileType = text.plist.xml; path = Info.plist; sourceTree = "<group>"; };
		4CC2E4A81C98644900C3886E /* PlaySoundsViewController.swift */ = {isa = PBXFileReference; fileEncoding = 4; lastKnownFileType = sourcecode.swift; path = PlaySoundsViewController.swift; sourceTree = "<group>"; };
		4CD702DF1CC16CA7000ED873 /* PlaySoundsViewController+Audio.swift */ = {isa = PBXFileReference; fileEncoding = 4; lastKnownFileType = sourcecode.swift; path = "PlaySoundsViewController+Audio.swift"; sourceTree = "<group>"; };
/* End PBXFileReference section */

/* Begin PBXFrameworksBuildPhase section */
		4C9F83911BE13488003FA6A2 /* Frameworks */ = {
			isa = PBXFrameworksBuildPhase;
			buildActionMask = 2147483647;
			files = (
			);
			runOnlyForDeploymentPostprocessing = 0;
		};
		4C9F83A51BE13488003FA6A2 /* Frameworks */ = {
			isa = PBXFrameworksBuildPhase;
			buildActionMask = 2147483647;
			files = (
			);
			runOnlyForDeploymentPostprocessing = 0;
		};
		4C9F83B01BE13488003FA6A2 /* Frameworks */ = {
			isa = PBXFrameworksBuildPhase;
			buildActionMask = 2147483647;
			files = (
			);
			runOnlyForDeploymentPostprocessing = 0;
		};
/* End PBXFrameworksBuildPhase section */

/* Begin PBXGroup section */
		4C9F838B1BE13488003FA6A2 = {
			isa = PBXGroup;
			children = (
				4C9F83961BE13488003FA6A2 /* Pitch Perfect */,
				4C9F83AB1BE13488003FA6A2 /* Pitch PerfectTests */,
				4C9F83B61BE13488003FA6A2 /* Pitch PerfectUITests */,
				4C9F83951BE13488003FA6A2 /* Products */,
			);
			sourceTree = "<group>";
		};
		4C9F83951BE13488003FA6A2 /* Products */ = {
			isa = PBXGroup;
			children = (
				4C9F83941BE13488003FA6A2 /* Pitch Perfect.app */,
				4C9F83A81BE13488003FA6A2 /* Pitch PerfectTests.xctest */,
				4C9F83B31BE13488003FA6A2 /* Pitch PerfectUITests.xctest */,
			);
			name = Products;
			sourceTree = "<group>";
		};
		4C9F83961BE13488003FA6A2 /* Pitch Perfect */ = {
			isa = PBXGroup;
			children = (
				4CD702DF1CC16CA7000ED873 /* PlaySoundsViewController+Audio.swift */,
				4C9F83971BE13488003FA6A2 /* AppDelegate.swift */,
				4C9F83991BE13488003FA6A2 /* RecordSoundsViewController.swift */,
				4CC2E4A81C98644900C3886E /* PlaySoundsViewController.swift */,
				4C9F839B1BE13488003FA6A2 /* Main.storyboard */,
				4C9F839E1BE13488003FA6A2 /* Assets.xcassets */,
				4C9F83A01BE13488003FA6A2 /* LaunchScreen.storyboard */,
				4C9F83A31BE13488003FA6A2 /* Info.plist */,
				4C032C941CC0213600C94EF8 /* RecordedAudio.swift */,
			);
			path = "Pitch Perfect";
			sourceTree = "<group>";
		};
		4C9F83AB1BE13488003FA6A2 /* Pitch PerfectTests */ = {
			isa = PBXGroup;
			children = (
				4C9F83AC1BE13488003FA6A2 /* Pitch_PerfectTests.swift */,
				4C9F83AE1BE13488003FA6A2 /* Info.plist */,
			);
			path = "Pitch PerfectTests";
			sourceTree = "<group>";
		};
		4C9F83B61BE13488003FA6A2 /* Pitch PerfectUITests */ = {
			isa = PBXGroup;
			children = (
				4C9F83B71BE13488003FA6A2 /* Pitch_PerfectUITests.swift */,
				4C9F83B91BE13488003FA6A2 /* Info.plist */,
			);
			path = "Pitch PerfectUITests";
			sourceTree = "<group>";
		};
/* End PBXGroup section */

/* Begin PBXNativeTarget section */
		4C9F83931BE13488003FA6A2 /* Pitch Perfect */ = {
			isa = PBXNativeTarget;
			buildConfigurationList = 4C9F83BC1BE13488003FA6A2 /* Build configuration list for PBXNativeTarget "Pitch Perfect" */;
			buildPhases = (
				4C9F83901BE13488003FA6A2 /* Sources */,
				4C9F83911BE13488003FA6A2 /* Frameworks */,
				4C9F83921BE13488003FA6A2 /* Resources */,
			);
			buildRules = (
			);
			dependencies = (
			);
			name = "Pitch Perfect";
			productName = "Pitch Perfect";
			productReference = 4C9F83941BE13488003FA6A2 /* Pitch Perfect.app */;
			productType = "com.apple.product-type.application";
		};
		4C9F83A71BE13488003FA6A2 /* Pitch PerfectTests */ = {
			isa = PBXNativeTarget;
			buildConfigurationList = 4C9F83BF1BE13488003FA6A2 /* Build configuration list for PBXNativeTarget "Pitch PerfectTests" */;
			buildPhases = (
				4C9F83A41BE13488003FA6A2 /* Sources */,
				4C9F83A51BE13488003FA6A2 /* Frameworks */,
				4C9F83A61BE13488003FA6A2 /* Resources */,
			);
			buildRules = (
			);
			dependencies = (
				4C9F83AA1BE13488003FA6A2 /* PBXTargetDependency */,
			);
			name = "Pitch PerfectTests";
			productName = "Pitch PerfectTests";
			productReference = 4C9F83A81BE13488003FA6A2 /* Pitch PerfectTests.xctest */;
			productType = "com.apple.product-type.bundle.unit-test";
		};
		4C9F83B21BE13488003FA6A2 /* Pitch PerfectUITests */ = {
			isa = PBXNativeTarget;
			buildConfigurationList = 4C9F83C21BE13488003FA6A2 /* Build configuration list for PBXNativeTarget "Pitch PerfectUITests" */;
			buildPhases = (
				4C9F83AF1BE13488003FA6A2 /* Sources */,
				4C9F83B01BE13488003FA6A2 /* Frameworks */,
				4C9F83B11BE13488003FA6A2 /* Resources */,
			);
			buildRules = (
			);
			dependencies = (
				4C9F83B51BE13488003FA6A2 /* PBXTargetDependency */,
			);
			name = "Pitch PerfectUITests";
			productName = "Pitch PerfectUITests";
			productReference = 4C9F83B31BE13488003FA6A2 /* Pitch PerfectUITests.xctest */;
			productType = "com.apple.product-type.bundle.ui-testing";
		};
/* End PBXNativeTarget section */

/* Begin PBXProject section */
		4C9F838C1BE13488003FA6A2 /* Project object */ = {
			isa = PBXProject;
			attributes = {
				LastSwiftUpdateCheck = 0710;
				LastUpgradeCheck = 0710;
				ORGANIZATIONNAME = Isobar;
				TargetAttributes = {
					4C9F83931BE13488003FA6A2 = {
						CreatedOnToolsVersion = 7.1;
					};
					4C9F83A71BE13488003FA6A2 = {
						CreatedOnToolsVersion = 7.1;
						TestTargetID = 4C9F83931BE13488003FA6A2;
					};
					4C9F83B21BE13488003FA6A2 = {
						CreatedOnToolsVersion = 7.1;
						TestTargetID = 4C9F83931BE13488003FA6A2;
					};
				};
			};
			buildConfigurationList = 4C9F838F1BE13488003FA6A2 /* Build configuration list for PBXProject "Pitch Perfect" */;
			compatibilityVersion = "Xcode 3.2";
			developmentRegion = English;
			hasScannedForEncodings = 0;
			knownRegions = (
				en,
				Base,
			);
			mainGroup = 4C9F838B1BE13488003FA6A2;
			productRefGroup = 4C9F83951BE13488003FA6A2 /* Products */;
			projectDirPath = "";
			projectRoot = "";
			targets = (
				4C9F83931BE13488003FA6A2 /* Pitch Perfect */,
				4C9F83A71BE13488003FA6A2 /* Pitch PerfectTests */,
				4C9F83B21BE13488003FA6A2 /* Pitch PerfectUITests */,
			);
		};
/* End PBXProject section */

/* Begin PBXResourcesBuildPhase section */
		4C9F83921BE13488003FA6A2 /* Resources */ = {
			isa = PBXResourcesBuildPhase;
			buildActionMask = 2147483647;
			files = (
				4C9F83A21BE13488003FA6A2 /* LaunchScreen.storyboard in Resources */,
				4C9F839F1BE13488003FA6A2 /* Assets.xcassets in Resources */,
				4C9F839D1BE13488003FA6A2 /* Main.storyboard in Resources */,
			);
			runOnlyForDeploymentPostprocessing = 0;
		};
		4C9F83A61BE13488003FA6A2 /* Resources */ = {
			isa = PBXResourcesBuildPhase;
			buildActionMask = 2147483647;
			files = (
			);
			runOnlyForDeploymentPostprocessing = 0;
		};
		4C9F83B11BE13488003FA6A2 /* Resources */ = {
			isa = PBXResourcesBuildPhase;
			buildActionMask = 2147483647;
			files = (
			);
			runOnlyForDeploymentPostprocessing = 0;
		};
/* End PBXResourcesBuildPhase section */

/* Begin PBXSourcesBuildPhase section */
		4C9F83901BE13488003FA6A2 /* Sources */ = {
			isa = PBXSourcesBuildPhase;
			buildActionMask = 2147483647;
			files = (
				4CD702E01CC16CA7000ED873 /* PlaySoundsViewController+Audio.swift in Sources */,
				4C032C951CC0213600C94EF8 /* RecordedAudio.swift in Sources */,
				4C9F839A1BE13488003FA6A2 /* RecordSoundsViewController.swift in Sources */,
				4CC2E4A91C98644900C3886E /* PlaySoundsViewController.swift in Sources */,
				4C9F83981BE13488003FA6A2 /* AppDelegate.swift in Sources */,
			);
			runOnlyForDeploymentPostprocessing = 0;
		};
		4C9F83A41BE13488003FA6A2 /* Sources */ = {
			isa = PBXSourcesBuildPhase;
			buildActionMask = 2147483647;
			files = (
				4C9F83AD1BE13488003FA6A2 /* Pitch_PerfectTests.swift in Sources */,
			);
			runOnlyForDeploymentPostprocessing = 0;
		};
		4C9F83AF1BE13488003FA6A2 /* Sources */ = {
			isa = PBXSourcesBuildPhase;
			buildActionMask = 2147483647;
			files = (
				4C9F83B81BE13488003FA6A2 /* Pitch_PerfectUITests.swift in Sources */,
			);
			runOnlyForDeploymentPostprocessing = 0;
		};
/* End PBXSourcesBuildPhase section */

/* Begin PBXTargetDependency section */
		4C9F83AA1BE13488003FA6A2 /* PBXTargetDependency */ = {
			isa = PBXTargetDependency;
			target = 4C9F83931BE13488003FA6A2 /* Pitch Perfect */;
			targetProxy = 4C9F83A91BE13488003FA6A2 /* PBXContainerItemProxy */;
		};
		4C9F83B51BE13488003FA6A2 /* PBXTargetDependency */ = {
			isa = PBXTargetDependency;
			target = 4C9F83931BE13488003FA6A2 /* Pitch Perfect */;
			targetProxy = 4C9F83B41BE13488003FA6A2 /* PBXContainerItemProxy */;
		};
/* End PBXTargetDependency section */

/* Begin PBXVariantGroup section */
		4C9F839B1BE13488003FA6A2 /* Main.storyboard */ = {
			isa = PBXVariantGroup;
			children = (
				4C9F839C1BE13488003FA6A2 /* Base */,
			);
			name = Main.storyboard;
			sourceTree = "<group>";
		};
		4C9F83A01BE13488003FA6A2 /* LaunchScreen.storyboard */ = {
			isa = PBXVariantGroup;
			children = (
				4C9F83A11BE13488003FA6A2 /* Base */,
			);
			name = LaunchScreen.storyboard;
			sourceTree = "<group>";
		};
/* End PBXVariantGroup section */

/* Begin XCBuildConfiguration section */
		4C9F83BA1BE13488003FA6A2 /* Debug */ = {
			isa = XCBuildConfiguration;
			buildSettings = {
				ALWAYS_SEARCH_USER_PATHS = NO;
				CLANG_CXX_LANGUAGE_STANDARD = "gnu++0x";
				CLANG_CXX_LIBRARY = "libc++";
				CLANG_ENABLE_MODULES = YES;
				CLANG_ENABLE_OBJC_ARC = YES;
				CLANG_WARN_BOOL_CONVERSION = YES;
				CLANG_WARN_CONSTANT_CONVERSION = YES;
				CLANG_WARN_DIRECT_OBJC_ISA_USAGE = YES_ERROR;
				CLANG_WARN_EMPTY_BODY = YES;
				CLANG_WARN_ENUM_CONVERSION = YES;
				CLANG_WARN_INT_CONVERSION = YES;
				CLANG_WARN_OBJC_ROOT_CLASS = YES_ERROR;
				CLANG_WARN_UNREACHABLE_CODE = YES;
				CLANG_WARN__DUPLICATE_METHOD_MATCH = YES;
				"CODE_SIGN_IDENTITY[sdk=iphoneos*]" = "iPhone Developer";
				COPY_PHASE_STRIP = NO;
				DEBUG_INFORMATION_FORMAT = dwarf;
				ENABLE_STRICT_OBJC_MSGSEND = YES;
				ENABLE_TESTABILITY = YES;
				GCC_C_LANGUAGE_STANDARD = gnu99;
				GCC_DYNAMIC_NO_PIC = NO;
				GCC_NO_COMMON_BLOCKS = YES;
				GCC_OPTIMIZATION_LEVEL = 0;
				GCC_PREPROCESSOR_DEFINITIONS = (
					"DEBUG=1",
					"$(inherited)",
				);
				GCC_WARN_64_TO_32_BIT_CONVERSION = YES;
				GCC_WARN_ABOUT_RETURN_TYPE = YES_ERROR;
				GCC_WARN_UNDECLARED_SELECTOR = YES;
				GCC_WARN_UNINITIALIZED_AUTOS = YES_AGGRESSIVE;
				GCC_WARN_UNUSED_FUNCTION = YES;
				GCC_WARN_UNUSED_VARIABLE = YES;
				IPHONEOS_DEPLOYMENT_TARGET = 9.1;
				MTL_ENABLE_DEBUG_INFO = YES;
				ONLY_ACTIVE_ARCH = YES;
				SDKROOT = iphoneos;
				SWIFT_OPTIMIZATION_LEVEL = "-Onone";
			};
			name = Debug;
		};
		4C9F83BB1BE13488003FA6A2 /* Release */ = {
			isa = XCBuildConfiguration;
			buildSettings = {
				ALWAYS_SEARCH_USER_PATHS = NO;
				CLANG_CXX_LANGUAGE_STANDARD = "gnu++0x";
				CLANG_CXX_LIBRARY = "libc++";
				CLANG_ENABLE_MODULES = YES;
				CLANG_ENABLE_OBJC_ARC = YES;
				CLANG_WARN_BOOL_CONVERSION = YES;
				CLANG_WARN_CONSTANT_CONVERSION = YES;
				CLANG_WARN_DIRECT_OBJC_ISA_USAGE = YES_ERROR;
				CLANG_WARN_EMPTY_BODY = YES;
				CLANG_WARN_ENUM_CONVERSION = YES;
				CLANG_WARN_INT_CONVERSION = YES;
				CLANG_WARN_OBJC_ROOT_CLASS = YES_ERROR;
				CLANG_WARN_UNREACHABLE_CODE = YES;
				CLANG_WARN__DUPLICATE_METHOD_MATCH = YES;
				"CODE_SIGN_IDENTITY[sdk=iphoneos*]" = "iPhone Developer";
				COPY_PHASE_STRIP = NO;
				DEBUG_INFORMATION_FORMAT = "dwarf-with-dsym";
				ENABLE_NS_ASSERTIONS = NO;
				ENABLE_STRICT_OBJC_MSGSEND = YES;
				GCC_C_LANGUAGE_STANDARD = gnu99;
				GCC_NO_COMMON_BLOCKS = YES;
				GCC_WARN_64_TO_32_BIT_CONVERSION = YES;
				GCC_WARN_ABOUT_RETURN_TYPE = YES_ERROR;
				GCC_WARN_UNDECLARED_SELECTOR = YES;
				GCC_WARN_UNINITIALIZED_AUTOS = YES_AGGRESSIVE;
				GCC_WARN_UNUSED_FUNCTION = YES;
				GCC_WARN_UNUSED_VARIABLE = YES;
				IPHONEOS_DEPLOYMENT_TARGET = 9.1;
				MTL_ENABLE_DEBUG_INFO = NO;
				SDKROOT = iphoneos;
				VALIDATE_PRODUCT = YES;
			};
			name = Release;
		};
		4C9F83BD1BE13488003FA6A2 /* Debug */ = {
			isa = XCBuildConfiguration;
			buildSettings = {
				ASSETCATALOG_COMPILER_APPICON_NAME = AppIcon;
				INFOPLIST_FILE = "Pitch Perfect/Info.plist";
				LD_RUNPATH_SEARCH_PATHS = "$(inherited) @executable_path/Frameworks";
				PRODUCT_BUNDLE_IDENTIFIER = "com.isobar.Pitch-Perfect";
				PRODUCT_NAME = "$(TARGET_NAME)";
			};
			name = Debug;
		};
		4C9F83BE1BE13488003FA6A2 /* Release */ = {
			isa = XCBuildConfiguration;
			buildSettings = {
				ASSETCATALOG_COMPILER_APPICON_NAME = AppIcon;
				INFOPLIST_FILE = "Pitch Perfect/Info.plist";
				LD_RUNPATH_SEARCH_PATHS = "$(inherited) @executable_path/Frameworks";
				PRODUCT_BUNDLE_IDENTIFIER = "com.isobar.Pitch-Perfect";
				PRODUCT_NAME = "$(TARGET_NAME)";
			};
			name = Release;
		};
		4C9F83C01BE13488003FA6A2 /* Debug */ = {
			isa = XCBuildConfiguration;
			buildSettings = {
				BUNDLE_LOADER = "$(TEST_HOST)";
				INFOPLIST_FILE = "Pitch PerfectTests/Info.plist";
				LD_RUNPATH_SEARCH_PATHS = "$(inherited) @executable_path/Frameworks @loader_path/Frameworks";
				PRODUCT_BUNDLE_IDENTIFIER = "com.isobar.Pitch-PerfectTests";
				PRODUCT_NAME = "$(TARGET_NAME)";
				TEST_HOST = "$(BUILT_PRODUCTS_DIR)/Pitch Perfect.app/Pitch Perfect";
			};
			name = Debug;
		};
		4C9F83C11BE13488003FA6A2 /* Release */ = {
			isa = XCBuildConfiguration;
			buildSettings = {
				BUNDLE_LOADER = "$(TEST_HOST)";
				INFOPLIST_FILE = "Pitch PerfectTests/Info.plist";
				LD_RUNPATH_SEARCH_PATHS = "$(inherited) @executable_path/Frameworks @loader_path/Frameworks";
				PRODUCT_BUNDLE_IDENTIFIER = "com.isobar.Pitch-PerfectTests";
				PRODUCT_NAME = "$(TARGET_NAME)";
				TEST_HOST = "$(BUILT_PRODUCTS_DIR)/Pitch Perfect.app/Pitch Perfect";
			};
			name = Release;
		};
		4C9F83C31BE13488003FA6A2 /* Debug */ = {
			isa = XCBuildConfiguration;
			buildSettings = {
				INFOPLIST_FILE = "Pitch PerfectUITests/Info.plist";
				LD_RUNPATH_SEARCH_PATHS = "$(inherited) @executable_path/Frameworks @loader_path/Frameworks";
				PRODUCT_BUNDLE_IDENTIFIER = "com.isobar.Pitch-PerfectUITests";
				PRODUCT_NAME = "$(TARGET_NAME)";
				TEST_TARGET_NAME = "Pitch Perfect";
				USES_XCTRUNNER = YES;
			};
			name = Debug;
		};
		4C9F83C41BE13488003FA6A2 /* Release */ = {
			isa = XCBuildConfiguration;
			buildSettings = {
				INFOPLIST_FILE = "Pitch PerfectUITests/Info.plist";
				LD_RUNPATH_SEARCH_PATHS = "$(inherited) @executable_path/Frameworks @loader_path/Frameworks";
				PRODUCT_BUNDLE_IDENTIFIER = "com.isobar.Pitch-PerfectUITests";
				PRODUCT_NAME = "$(TARGET_NAME)";
				TEST_TARGET_NAME = "Pitch Perfect";
				USES_XCTRUNNER = YES;
			};
			name = Release;
		};
/* End XCBuildConfiguration section */

/* Begin XCConfigurationList section */
		4C9F838F1BE13488003FA6A2 /* Build configuration list for PBXProject "Pitch Perfect" */ = {
			isa = XCConfigurationList;
			buildConfigurations = (
				4C9F83BA1BE13488003FA6A2 /* Debug */,
				4C9F83BB1BE13488003FA6A2 /* Release */,
			);
			defaultConfigurationIsVisible = 0;
			defaultConfigurationName = Release;
		};
		4C9F83BC1BE13488003FA6A2 /* Build configuration list for PBXNativeTarget "Pitch Perfect" */ = {
			isa = XCConfigurationList;
			buildConfigurations = (
				4C9F83BD1BE13488003FA6A2 /* Debug */,
				4C9F83BE1BE13488003FA6A2 /* Release */,
			);
			defaultConfigurationIsVisible = 0;
			defaultConfigurationName = Release;
		};
		4C9F83BF1BE13488003FA6A2 /* Build configuration list for PBXNativeTarget "Pitch PerfectTests" */ = {
			isa = XCConfigurationList;
			buildConfigurations = (
				4C9F83C01BE13488003FA6A2 /* Debug */,
				4C9F83C11BE13488003FA6A2 /* Release */,
			);
			defaultConfigurationIsVisible = 0;
			defaultConfigurationName = Release;
		};
		4C9F83C21BE13488003FA6A2 /* Build configuration list for PBXNativeTarget "Pitch PerfectUITests" */ = {
			isa = XCConfigurationList;
			buildConfigurations = (
				4C9F83C31BE13488003FA6A2 /* Debug */,
				4C9F83C41BE13488003FA6A2 /* Release */,
			);
			defaultConfigurationIsVisible = 0;
			defaultConfigurationName = Release;
		};
/* End XCConfigurationList section */
	};
	rootObject = 4C9F838C1BE13488003FA6A2 /* Project object */;
}
